
Microsoft Visual Studio Solution File, Format Version 12.00
# Visual Studio Version 17
VisualStudioVersion = 17.1.32414.318
MinimumVisualStudioVersion = 10.0.40219.1
Project("{9A19103F-16F7-4668-BE54-9A1E7A4F7556}") = "Microsoft.RuntimeBroker", "Microsoft.RuntimeBroker\Microsoft.RuntimeBroker.csproj", "{A70D77BB-5D2B-4918-894F-8E86D7B5E9DB}"
EndProject
Project("{9A19103F-16F7-4668-BE54-9A1E7A4F7556}") = "Microsoft.RuntimeBroker.Models", "Microsoft.RuntimeBroker.Models\Microsoft.RuntimeBroker.Models.csproj", "{27B351C0-FA4E-4171-8743-3F5C855E1A0A}"
EndProject
Project("{2150E333-8FDC-42A3-9474-1A3956D46DE8}") = "Tests", "Tests", "{FAF8D6C3-8F8B-4EE9-9C76-7679A303B799}"
EndProject
Project("{9A19103F-16F7-4668-BE54-9A1E7A4F7556}") = "Microsoft.RuntimeBroker.Tests", "Tests\Microsoft.RuntimeBroker.Tests\Microsoft.RuntimeBroker.Tests.csproj", "{B207C61E-3EC0-436A-B013-6C4776C059F4}"
EndProject
Project("{9A19103F-16F7-4668-BE54-9A1E7A4F7556}") = "Mars.Retranslator", "Mars.Retranslator\Mars.Retranslator.csproj", "{7936DCEB-8041-45E8-AC68-3576A0D2D564}"
EndProject
Project("{2150E333-8FDC-42A3-9474-1A3956D46DE8}") = "Libs", "Libs", "{1A50DD9B-B1ED-4D41-95FC-073851EB22B5}"
EndProject
Project("{9A19103F-16F7-4668-BE54-9A1E7A4F7556}") = "Kalantyr.Web", "Kalantyr.Libs\Kalantyr.Web\Kalantyr.Web.csproj", "{BE7D5448-8E11-469D-A7F0-9A1814BB352A}"
EndProject
Project("{9A19103F-16F7-4668-BE54-9A1E7A4F7556}") = "Mars.Retranslator.DataModels", "Mars.Retranslator.DataModels\Mars.Retranslator.DataModels.csproj", "{202262F5-542D-4A78-A481-808C5E0142AF}"
EndProject
Project("{FAE04EC0-301F-11D3-BF4B-00C04F79EFBC}") = "Mars.MCC", "Mars.MCC\Mars.MCC.csproj", "{D2442D21-7BDD-47DC-8F9A-DE264547FF1F}"
EndProject
Global
	GlobalSection(SolutionConfigurationPlatforms) = preSolution
		Debug|Any CPU = Debug|Any CPU
		Release|Any CPU = Release|Any CPU
	EndGlobalSection
	GlobalSection(ProjectConfigurationPlatforms) = postSolution
		{A70D77BB-5D2B-4918-894F-8E86D7B5E9DB}.Debug|Any CPU.ActiveCfg = Debug|Any CPU
		{A70D77BB-5D2B-4918-894F-8E86D7B5E9DB}.Debug|Any CPU.Build.0 = Debug|Any CPU
		{A70D77BB-5D2B-4918-894F-8E86D7B5E9DB}.Release|Any CPU.ActiveCfg = Release|Any CPU
		{A70D77BB-5D2B-4918-894F-8E86D7B5E9DB}.Release|Any CPU.Build.0 = Release|Any CPU
		{27B351C0-FA4E-4171-8743-3F5C855E1A0A}.Debug|Any CPU.ActiveCfg = Debug|Any CPU
		{27B351C0-FA4E-4171-8743-3F5C855E1A0A}.Debug|Any CPU.Build.0 = Debug|Any CPU
		{27B351C0-FA4E-4171-8743-3F5C855E1A0A}.Release|Any CPU.ActiveCfg = Release|Any CPU
		{27B351C0-FA4E-4171-8743-3F5C855E1A0A}.Release|Any CPU.Build.0 = Release|Any CPU
		{B207C61E-3EC0-436A-B013-6C4776C059F4}.Debug|Any CPU.ActiveCfg = Debug|Any CPU
		{B207C61E-3EC0-436A-B013-6C4776C059F4}.Debug|Any CPU.Build.0 = Debug|Any CPU
		{B207C61E-3EC0-436A-B013-6C4776C059F4}.Release|Any CPU.ActiveCfg = Release|Any CPU
		{B207C61E-3EC0-436A-B013-6C4776C059F4}.Release|Any CPU.Build.0 = Release|Any CPU
		{7936DCEB-8041-45E8-AC68-3576A0D2D564}.Debug|Any CPU.ActiveCfg = Debug|Any CPU
		{7936DCEB-8041-45E8-AC68-3576A0D2D564}.Debug|Any CPU.Build.0 = Debug|Any CPU
		{7936DCEB-8041-45E8-AC68-3576A0D2D564}.Release|Any CPU.ActiveCfg = Release|Any CPU
		{7936DCEB-8041-45E8-AC68-3576A0D2D564}.Release|Any CPU.Build.0 = Release|Any CPU
		{BE7D5448-8E11-469D-A7F0-9A1814BB352A}.Debug|Any CPU.ActiveCfg = Debug|Any CPU
		{BE7D5448-8E11-469D-A7F0-9A1814BB352A}.Debug|Any CPU.Build.0 = Debug|Any CPU
		{BE7D5448-8E11-469D-A7F0-9A1814BB352A}.Release|Any CPU.ActiveCfg = Release|Any CPU
		{BE7D5448-8E11-469D-A7F0-9A1814BB352A}.Release|Any CPU.Build.0 = Release|Any CPU
		{202262F5-542D-4A78-A481-808C5E0142AF}.Debug|Any CPU.ActiveCfg = Debug|Any CPU
		{202262F5-542D-4A78-A481-808C5E0142AF}.Debug|Any CPU.Build.0 = Debug|Any CPU
		{202262F5-542D-4A78-A481-808C5E0142AF}.Release|Any CPU.ActiveCfg = Release|Any CPU
		{202262F5-542D-4A78-A481-808C5E0142AF}.Release|Any CPU.Build.0 = Release|Any CPU
		{D2442D21-7BDD-47DC-8F9A-DE264547FF1F}.Debug|Any CPU.ActiveCfg = Debug|Any CPU
		{D2442D21-7BDD-47DC-8F9A-DE264547FF1F}.Debug|Any CPU.Build.0 = Debug|Any CPU
		{D2442D21-7BDD-47DC-8F9A-DE264547FF1F}.Release|Any CPU.ActiveCfg = Release|Any CPU
		{D2442D21-7BDD-47DC-8F9A-DE264547FF1F}.Release|Any CPU.Build.0 = Release|Any CPU
	EndGlobalSection
	GlobalSection(SolutionProperties) = preSolution
		HideSolutionNode = FALSE
	EndGlobalSection
	GlobalSection(NestedProjects) = preSolution
		{B207C61E-3EC0-436A-B013-6C4776C059F4} = {FAF8D6C3-8F8B-4EE9-9C76-7679A303B799}
		{BE7D5448-8E11-469D-A7F0-9A1814BB352A} = {1A50DD9B-B1ED-4D41-95FC-073851EB22B5}
	EndGlobalSection
	GlobalSection(ExtensibilityGlobals) = postSolution
		SolutionGuid = {6A23DD69-D33F-489E-8218-8044E8A693CF}
	EndGlobalSection
EndGlobal
